{
  "name": "RogerRoger",
  "version": "0.0.1",
  "lockfileVersion": 1,
  "requires": true,
  "dependencies": {
    "NCore.Base.Commands": {
      "version": "github:shadowmint/ncore-base-commands#a4f30476dfa76aa177fe09c61384594b11718e0f",
      "requires": {
        "mkdirp": "0.5.1",
        "ncp": "2.0.0"
      },
      "dependencies": {
        "mkdirp": {
          "version": "0.5.1",
          "resolved": "https://registry.npmjs.org/mkdirp/-/mkdirp-0.5.1.tgz",
          "integrity": "sha1-MAV0OOrGz3+MR2fzhkjWaX11yQM=",
          "requires": {
            "minimist": "0.0.8"
          }
        },
        "ncp": {
          "version": "2.0.0",
          "resolved": "https://registry.npmjs.org/ncp/-/ncp-2.0.0.tgz",
          "integrity": "sha1-GVoh1sRuNh0vsSgbo4uR6d9727M="
        }
      }
    },
    "NCore.Base.Log": {
      "version": "github:shadowmint/ncore-base-log#7604f35c045d19560b97c59e2c653f14f1237df3",
      "requires": {
        "mkdirp": "0.5.1",
        "ncp": "2.0.0"
      },
      "dependencies": {
        "mkdirp": {
          "version": "0.5.1",
          "resolved": "https://registry.npmjs.org/mkdirp/-/mkdirp-0.5.1.tgz",
          "integrity": "sha1-MAV0OOrGz3+MR2fzhkjWaX11yQM=",
          "requires": {
            "minimist": "0.0.8"
          }
        },
        "ncp": {
          "version": "2.0.0",
          "resolved": "https://registry.npmjs.org/ncp/-/ncp-2.0.0.tgz",
          "integrity": "sha1-GVoh1sRuNh0vsSgbo4uR6d9727M="
        }
      }
    },
    "System.IO.Abstractions": {
      "version": "github:shadowmint/System.IO.Abstractions#8c97e94e1df7e6665a0876cace1974f57d12add6",
      "requires": {
        "mkdirp": "0.5.1",
        "ncp": "2.0.0"
      },
      "dependencies": {
        "mkdirp": {
          "version": "0.5.1",
          "resolved": "https://registry.npmjs.org/mkdirp/-/mkdirp-0.5.1.tgz",
          "integrity": "sha1-MAV0OOrGz3+MR2fzhkjWaX11yQM=",
          "requires": {
            "minimist": "0.0.8"
          }
        },
        "ncp": {
          "version": "2.0.0",
          "resolved": "https://registry.npmjs.org/ncp/-/ncp-2.0.0.tgz",
          "integrity": "sha1-GVoh1sRuNh0vsSgbo4uR6d9727M="
        }
      }
    },
    "minimist": {
      "version": "0.0.8",
      "resolved": "https://registry.npmjs.org/minimist/-/minimist-0.0.8.tgz",
      "integrity": "sha1-hX/Kv8M5fSYluCKCYuhqp6ARsF0="
    }
  }
}
