
Microsoft Visual Studio Solution File, Format Version 12.00
# Visual Studio 15
VisualStudioVersion = 15.0.26124.0
MinimumVisualStudioVersion = 15.0.26124.0
Project("{FAE04EC0-301F-11D3-BF4B-00C04F79EFBC}") = "RogerRoger", "RogerRoger\RogerRoger.csproj", "{666CF041-FBFC-4711-BDE9-38DB526BE243}"
EndProject
Project("{FAE04EC0-301F-11D3-BF4B-00C04F79EFBC}") = "RogerRoger.Tests", "RogerRoger.Tests\RogerRoger.Tests.csproj", "{E2AA1D2D-7602-4477-AD66-8CAC3EC951D2}"
EndProject
Project("{FAE04EC0-301F-11D3-BF4B-00C04F79EFBC}") = "RogerRoger.Demo", "RogerRoger.Demo\RogerRoger.Demo.csproj", "{39080B4B-273B-4C3B-989F-8E74A12EDB86}"
EndProject
Global
	GlobalSection(SolutionConfigurationPlatforms) = preSolution
		Debug|Any CPU = Debug|Any CPU
		Debug|x64 = Debug|x64
		Debug|x86 = Debug|x86
		Release|Any CPU = Release|Any CPU
		Release|x64 = Release|x64
		Release|x86 = Release|x86
	EndGlobalSection
	GlobalSection(SolutionProperties) = preSolution
		HideSolutionNode = FALSE
	EndGlobalSection
	GlobalSection(ProjectConfigurationPlatforms) = postSolution
		{666CF041-FBFC-4711-BDE9-38DB526BE243}.Debug|Any CPU.ActiveCfg = Debug|Any CPU
		{666CF041-FBFC-4711-BDE9-38DB526BE243}.Debug|Any CPU.Build.0 = Debug|Any CPU
		{666CF041-FBFC-4711-BDE9-38DB526BE243}.Debug|x64.ActiveCfg = Debug|x64
		{666CF041-FBFC-4711-BDE9-38DB526BE243}.Debug|x64.Build.0 = Debug|x64
		{666CF041-FBFC-4711-BDE9-38DB526BE243}.Debug|x86.ActiveCfg = Debug|x86
		{666CF041-FBFC-4711-BDE9-38DB526BE243}.Debug|x86.Build.0 = Debug|x86
		{666CF041-FBFC-4711-BDE9-38DB526BE243}.Release|Any CPU.ActiveCfg = Release|Any CPU
		{666CF041-FBFC-4711-BDE9-38DB526BE243}.Release|Any CPU.Build.0 = Release|Any CPU
		{666CF041-FBFC-4711-BDE9-38DB526BE243}.Release|x64.ActiveCfg = Release|x64
		{666CF041-FBFC-4711-BDE9-38DB526BE243}.Release|x64.Build.0 = Release|x64
		{666CF041-FBFC-4711-BDE9-38DB526BE243}.Release|x86.ActiveCfg = Release|x86
		{666CF041-FBFC-4711-BDE9-38DB526BE243}.Release|x86.Build.0 = Release|x86
		{E2AA1D2D-7602-4477-AD66-8CAC3EC951D2}.Debug|Any CPU.ActiveCfg = Debug|Any CPU
		{E2AA1D2D-7602-4477-AD66-8CAC3EC951D2}.Debug|Any CPU.Build.0 = Debug|Any CPU
		{E2AA1D2D-7602-4477-AD66-8CAC3EC951D2}.Debug|x64.ActiveCfg = Debug|x64
		{E2AA1D2D-7602-4477-AD66-8CAC3EC951D2}.Debug|x64.Build.0 = Debug|x64
		{E2AA1D2D-7602-4477-AD66-8CAC3EC951D2}.Debug|x86.ActiveCfg = Debug|x86
		{E2AA1D2D-7602-4477-AD66-8CAC3EC951D2}.Debug|x86.Build.0 = Debug|x86
		{E2AA1D2D-7602-4477-AD66-8CAC3EC951D2}.Release|Any CPU.ActiveCfg = Release|Any CPU
		{E2AA1D2D-7602-4477-AD66-8CAC3EC951D2}.Release|Any CPU.Build.0 = Release|Any CPU
		{E2AA1D2D-7602-4477-AD66-8CAC3EC951D2}.Release|x64.ActiveCfg = Release|x64
		{E2AA1D2D-7602-4477-AD66-8CAC3EC951D2}.Release|x64.Build.0 = Release|x64
		{E2AA1D2D-7602-4477-AD66-8CAC3EC951D2}.Release|x86.ActiveCfg = Release|x86
		{E2AA1D2D-7602-4477-AD66-8CAC3EC951D2}.Release|x86.Build.0 = Release|x86
		{39080B4B-273B-4C3B-989F-8E74A12EDB86}.Debug|Any CPU.ActiveCfg = Debug|Any CPU
		{39080B4B-273B-4C3B-989F-8E74A12EDB86}.Debug|Any CPU.Build.0 = Debug|Any CPU
		{39080B4B-273B-4C3B-989F-8E74A12EDB86}.Debug|x64.ActiveCfg = Debug|x64
		{39080B4B-273B-4C3B-989F-8E74A12EDB86}.Debug|x64.Build.0 = Debug|x64
		{39080B4B-273B-4C3B-989F-8E74A12EDB86}.Debug|x86.ActiveCfg = Debug|x86
		{39080B4B-273B-4C3B-989F-8E74A12EDB86}.Debug|x86.Build.0 = Debug|x86
		{39080B4B-273B-4C3B-989F-8E74A12EDB86}.Release|Any CPU.ActiveCfg = Release|Any CPU
		{39080B4B-273B-4C3B-989F-8E74A12EDB86}.Release|Any CPU.Build.0 = Release|Any CPU
		{39080B4B-273B-4C3B-989F-8E74A12EDB86}.Release|x64.ActiveCfg = Release|x64
		{39080B4B-273B-4C3B-989F-8E74A12EDB86}.Release|x64.Build.0 = Release|x64
		{39080B4B-273B-4C3B-989F-8E74A12EDB86}.Release|x86.ActiveCfg = Release|x86
		{39080B4B-273B-4C3B-989F-8E74A12EDB86}.Release|x86.Build.0 = Release|x86
	EndGlobalSection
EndGlobal
